{
  "version": "5",
  "remote": {
    "https://edge.netlify.com/": "fd941d61d88673d5f28aab283fb86fcc50f08a3bc80ee5470498fcfa88c65cfb",
    "https://edge.netlify.com/bootstrap/config.ts": "6a2ce0e544e15e8f8883a5c18da5948e37fd0f2619f68cb31f3af53c51817025",
    "https://edge.netlify.com/bootstrap/context.ts": "e97240232121e2f369f6546ce961490f34d961ea1ea54be3ff09633e3f08373f",
    "https://edge.netlify.com/bootstrap/cookie.ts": "8b0baae708989ca183c6f3b4ab3d029e6abcbc2e43f93edeb0ff447b3bbc3a05",
    "https://edge.netlify.com/bootstrap/edge_function.ts": "b8253e86aa83c67341f5cfedeba5049d77fbf84dcab7eceff7566b7728ae9b39",
    "https://edge.netlify.com/bootstrap/globals/types.ts": "eaa6148ded3121d8dee62dd91c86e7fe76601df0f3ca8d7962243a30f4c8935f"
  },
  "workspace": {
    "packageJson": {
      "dependencies": [
        "npm:@loadable/component@^5.12.0",
        "npm:@n8tb1t/use-scroll-position@^1.0.43",
        "npm:@stripe/react-stripe-js@^1.7.0",
        "npm:@stripe/stripe-js@^1.22.0",
        "npm:@tonaljs/chord@^3.2.3",
        "npm:@tonaljs/modules@^3.4.1",
        "npm:@tonaljs/note@^3.2.2",
        "npm:@tonaljs/tonal@^3.2.2",
        "npm:body-scroll-lock@^2.6.4",
        "npm:classnames@^2.2.6",
        "npm:compare-versions@^3.5.1",
        "npm:connected-react-router@^6.5.2",
        "npm:date-streaks@^1.2.0",
        "npm:embla-carousel-react@^1.2.3",
        "npm:firebase-admin@11",
        "npm:firebase@^7.2.2",
        "npm:fuse.js@^3.4.6",
        "npm:gatsby-background-image@~0.9.11",
        "npm:gatsby-image@^2.2.31",
        "npm:gatsby-plugin-canonical-urls@^2.1.18",
        "npm:gatsby-plugin-facebook-pixel@^1.0.3",
        "npm:gatsby-plugin-google-gtag@^2.8.0",
        "npm:gatsby-plugin-manifest@^2.2.27",
        "npm:gatsby-plugin-offline@^3.0.19",
        "npm:gatsby-plugin-react-helmet@^3.1.14",
        "npm:gatsby-plugin-robots-txt@^1.5.0",
        "npm:gatsby-plugin-sass@^2.1.22",
        "npm:gatsby-plugin-sharp@^2.2.37",
        "npm:gatsby-plugin-sitemap@^2.2.22",
        "npm:gatsby-source-filesystem@^2.1.36",
        "npm:gatsby-transformer-json@^2.2.22",
        "npm:gatsby-transformer-remark@^2.6.45",
        "npm:gatsby-transformer-sharp@^2.3.3",
        "npm:gatsby@^2.24.73",
        "npm:history@^4.10.1",
        "npm:intersection-observer@0.7",
        "npm:lodash@^4.17.15",
        "npm:prettier@^1.19.1",
        "npm:prop-types@^15.7.2",
        "npm:query-string@5",
        "npm:ramda@~0.26.1",
        "npm:rc-slider@^9.2.2",
        "npm:react-dom-confetti@~0.1.3",
        "npm:react-dom@^16.11.0",
        "npm:react-helmet@^5.2.1",
        "npm:react-hook-form@^4.10.2",
        "npm:react-icons@^3.8.0",
        "npm:react-mobile-store-button@^0.0.6",
        "npm:react-redux-firebase@^3.0.3",
        "npm:react-redux@^7.1.1",
        "npm:react-responsive-modal@^4.0.1",
        "npm:react-router-dom@^5.0.1",
        "npm:react-router-transition@2",
        "npm:react-select@^3.0.8",
        "npm:react-smartbanner@^5.1.4",
        "npm:react-switch@^5.0.1",
        "npm:react-tiny-popover@4",
        "npm:react-typeform-embed@~0.2.1",
        "npm:react@^16.11.0",
        "npm:redux-auth-wrapper@^2.1.0",
        "npm:redux-persist@6",
        "npm:redux-thunk@^2.3.0",
        "npm:redux@^4.0.4",
        "npm:sass@^1.32.0",
        "npm:slug@^2.1.0",
        "npm:slugify@^1.3.6",
        "npm:startaudiocontext@^1.2.1",
        "npm:stripe@12",
        "npm:tone@^13.8.25",
        "npm:use-persisted-state@0.3",
        "npm:use-scroll-position@^0.0.4",
        "npm:use-state-with-callback@^1.0.18",
        "npm:uuid@^3.4.0",
        "npm:vexchords@^1.2.0",
        "npm:victory@^33.1.3"
      ]
    }
  }
}
